
Microsoft Visual Studio Solution File, Format Version 12.00
# Visual Studio Version 17
VisualStudioVersion = 17.4.33205.214
MinimumVisualStudioVersion = 10.0.40219.1
Project("{888888A0-9F3D-457C-B088-3A5042F75D52}") = "Python_Kontrolltöö_Kordused", "Python_Kontrolltöö_Kordused\Python_Kontrolltöö_Kordused.pyproj", "{5CC6FE7E-CA9E-451D-A26F-86BF56F46F03}"
EndProject
Global
	GlobalSection(SolutionConfigurationPlatforms) = preSolution
		Debug|Any CPU = Debug|Any CPU
		Release|Any CPU = Release|Any CPU
	EndGlobalSection
	GlobalSection(ProjectConfigurationPlatforms) = postSolution
		{5CC6FE7E-CA9E-451D-A26F-86BF56F46F03}.Debug|Any CPU.ActiveCfg = Debug|Any CPU
		{5CC6FE7E-CA9E-451D-A26F-86BF56F46F03}.Release|Any CPU.ActiveCfg = Release|Any CPU
	EndGlobalSection
	GlobalSection(SolutionProperties) = preSolution
		HideSolutionNode = FALSE
	EndGlobalSection
	GlobalSection(ExtensibilityGlobals) = postSolution
		SolutionGuid = {35580B21-4ADB-4422-BD0F-0BE2A5BA3BA9}
	EndGlobalSection
EndGlobal
